
Microsoft Visual Studio Solution File, Format Version 12.00
# Visual Studio Version 16
VisualStudioVersion = 16.0.29123.88
MinimumVisualStudioVersion = 10.0.40219.1
Project("{FAE04EC0-301F-11D3-BF4B-00C04F79EFBC}") = "cw1", "cw1\cw1.csproj", "{8EA5E80C-7604-4A3E-8ED3-D4E85B5F780B}"
EndProject
Global
	GlobalSection(SolutionConfigurationPlatforms) = preSolution
		Debug|Any CPU = Debug|Any CPU
		Release|Any CPU = Release|Any CPU
	EndGlobalSection
	GlobalSection(ProjectConfigurationPlatforms) = postSolution
		{8EA5E80C-7604-4A3E-8ED3-D4E85B5F780B}.Debug|Any CPU.ActiveCfg = Debug|Any CPU
		{8EA5E80C-7604-4A3E-8ED3-D4E85B5F780B}.Debug|Any CPU.Build.0 = Debug|Any CPU
		{8EA5E80C-7604-4A3E-8ED3-D4E85B5F780B}.Release|Any CPU.ActiveCfg = Release|Any CPU
		{8EA5E80C-7604-4A3E-8ED3-D4E85B5F780B}.Release|Any CPU.Build.0 = Release|Any CPU
	EndGlobalSection
	GlobalSection(SolutionProperties) = preSolution
		HideSolutionNode = FALSE
	EndGlobalSection
	GlobalSection(ExtensibilityGlobals) = postSolution
		SolutionGuid = {7919EB9A-917C-4A69-8DE9-FBF0DA2049A7}
	EndGlobalSection
EndGlobal
